
Microsoft Visual Studio Solution File, Format Version 12.00
# Visual Studio Version 16
VisualStudioVersion = 16.0.30204.135
MinimumVisualStudioVersion = 10.0.40219.1
Project("{FAE04EC0-301F-11D3-BF4B-00C04F79EFBC}") = "FYP", "FYP2\FYP.csproj", "{6AC9EEDD-3D21-47EF-9229-179E965D345A}"
EndProject
Global
	GlobalSection(SolutionConfigurationPlatforms) = preSolution
		Debug|Any CPU = Debug|Any CPU
		Release|Any CPU = Release|Any CPU
	EndGlobalSection
	GlobalSection(ProjectConfigurationPlatforms) = postSolution
		{6AC9EEDD-3D21-47EF-9229-179E965D345A}.Debug|Any CPU.ActiveCfg = Debug|Any CPU
		{6AC9EEDD-3D21-47EF-9229-179E965D345A}.Debug|Any CPU.Build.0 = Debug|Any CPU
		{6AC9EEDD-3D21-47EF-9229-179E965D345A}.Release|Any CPU.ActiveCfg = Release|Any CPU
		{6AC9EEDD-3D21-47EF-9229-179E965D345A}.Release|Any CPU.Build.0 = Release|Any CPU
	EndGlobalSection
	GlobalSection(SolutionProperties) = preSolution
		HideSolutionNode = FALSE
	EndGlobalSection
	GlobalSection(ExtensibilityGlobals) = postSolution
		SolutionGuid = {B5C528E4-312C-4228-A30C-79324F8383DB}
	EndGlobalSection
EndGlobal
